{
  "name": "cloudip-non-cn-filter",
  "version": "1.0.0",
  "lockfileVersion": 3,
  "requires": true,
  "packages": {
    "": {
      "name": "cloudip-non-cn-filter",
      "version": "1.0.0",
      "dependencies": {
        "fast-cidr-tools": "^0.3.4"
      }
    },
    "node_modules/fast-cidr-tools": {
      "version": "0.3.4",
      "resolved": "https://registry.npmjs.org/fast-cidr-tools/-/fast-cidr-tools-0.3.4.tgz",
      "integrity": "sha512-WQNW+ynysAsI+O3YX2269Ff1wx6+xTyKrtLPN0TaZOf5ZZfFNPS59J0vmCrJbpno5z3vJ5sX4wUHpJL7avuHLg==",
      "license": "MIT",
      "dependencies": {
        "foxts": "^4.1.0"
      },
      "engines": {
        "node": ">=16"
      }
    },
    "node_modules/fast-escape-html": {
      "version": "1.1.0",
      "resolved": "https://registry.npmjs.org/fast-escape-html/-/fast-escape-html-1.1.0.tgz",
      "integrity": "sha512-nRvjfywv8gzIBs0fM/ht6S5scNUamm+o+91p/69cYYNWODb7b/UiQfjFx+6n8NMtdHs6K80kh+hW1dPNS/opIA==",
      "license": "MIT"
    },
    "node_modules/fast-escape-regexp": {
      "version": "1.0.1",
      "resolved": "https://registry.npmjs.org/fast-escape-regexp/-/fast-escape-regexp-1.0.1.tgz",
      "integrity": "sha512-VSnAgWEYHdyyVegVfN/TUCa6hDQ7PIxdIJVWq4RWqyegkG9zFwNb21uykT0hAyvKlKnFR+zOu/25434pHBXtLA==",
      "license": "MIT"
    },
    "node_modules/foxts": {
      "version": "4.6.0",
      "resolved": "https://registry.npmjs.org/foxts/-/foxts-4.6.0.tgz",
      "integrity": "sha512-Sq6k7CDUAz1/MOiwRiV59tblzsaWGOQitYxvF/l7H5Z/9gZNBvWKWsRcXLS7T7FLKRKO0LmETiefkVUm5omESg==",
      "license": "MIT",
      "dependencies": {
        "fast-escape-html": "^1.1.0",
        "fast-escape-regexp": "^1.0.1"
      }
    }
  }
}
